// !$*UTF8*$!
{
	archiveVersion = 1;
	classes = {
	};
	objectVersion = 50;
	objects = {

/* Begin PBXBuildFile section */
		692B52C6253225B90067AAE7 /* AppDelegate.swift in Sources */ = {isa = PBXBuildFile; fileRef = 692B52C5253225B90067AAE7 /* AppDelegate.swift */; };
		692B52C8253225B90067AAE7 /* SceneDelegate.swift in Sources */ = {isa = PBXBuildFile; fileRef = 692B52C7253225B90067AAE7 /* SceneDelegate.swift */; };
		692B52CA253225B90067AAE7 /* EmptyWeightTermViewController.swift in Sources */ = {isa = PBXBuildFile; fileRef = 692B52C9253225B90067AAE7 /* EmptyWeightTermViewController.swift */; };
		692B52CD253225B90067AAE7 /* Main.storyboard in Resources */ = {isa = PBXBuildFile; fileRef = 692B52CB253225B90067AAE7 /* Main.storyboard */; };
		692B52CF253225BD0067AAE7 /* Assets.xcassets in Resources */ = {isa = PBXBuildFile; fileRef = 692B52CE253225BD0067AAE7 /* Assets.xcassets */; };
		692B52D2253225BD0067AAE7 /* LaunchScreen.storyboard in Resources */ = {isa = PBXBuildFile; fileRef = 692B52D0253225BD0067AAE7 /* LaunchScreen.storyboard */; };
		692B52E025324DD10067AAE7 /* WeightTerm.swift in Sources */ = {isa = PBXBuildFile; fileRef = 692B52DF25324DD10067AAE7 /* WeightTerm.swift */; };
		692B52E3253251E90067AAE7 /* TabBarController.swift in Sources */ = {isa = PBXBuildFile; fileRef = 692B52E2253251E90067AAE7 /* TabBarController.swift */; };
		692B52E725354F2F0067AAE7 /* AddWeightTermViewController.swift in Sources */ = {isa = PBXBuildFile; fileRef = 692B52E625354F2F0067AAE7 /* AddWeightTermViewController.swift */; };
		692B5310253A7B940067AAE7 /* WeightTermTracker.swift in Sources */ = {isa = PBXBuildFile; fileRef = 692B530F253A7B940067AAE7 /* WeightTermTracker.swift */; };
		692B5316253B5DEB0067AAE7 /* WeightTermViewController.swift in Sources */ = {isa = PBXBuildFile; fileRef = 692B5315253B5DEB0067AAE7 /* WeightTermViewController.swift */; };
		692B531D253D017B0067AAE7 /* WeightTermHistoryViewController.swift in Sources */ = {isa = PBXBuildFile; fileRef = 692B531C253D017A0067AAE7 /* WeightTermHistoryViewController.swift */; };
		692B5320253D098B0067AAE7 /* WeightTermCell.swift in Sources */ = {isa = PBXBuildFile; fileRef = 692B531F253D098A0067AAE7 /* WeightTermCell.swift */; };
		692B5324253D24910067AAE7 /* AddCurrentWeightViewController.swift in Sources */ = {isa = PBXBuildFile; fileRef = 692B5323253D24910067AAE7 /* AddCurrentWeightViewController.swift */; };
		692B534B254495660067AAE7 /* Photo.swift in Sources */ = {isa = PBXBuildFile; fileRef = 692B534A254495650067AAE7 /* Photo.swift */; };
		692B5358254497E20067AAE7 /* PhotosTableViewController.swift in Sources */ = {isa = PBXBuildFile; fileRef = 692B5357254497E20067AAE7 /* PhotosTableViewController.swift */; };
		692B535B254499090067AAE7 /* PhotoTableViewCell.swift in Sources */ = {isa = PBXBuildFile; fileRef = 692B535A254499090067AAE7 /* PhotoTableViewCell.swift */; };
/* End PBXBuildFile section */

/* Begin PBXFileReference section */
		692B52C2253225B90067AAE7 /* Weight Locker.app */ = {isa = PBXFileReference; explicitFileType = wrapper.application; includeInIndex = 0; path = "Weight Locker.app"; sourceTree = BUILT_PRODUCTS_DIR; };
		692B52C5253225B90067AAE7 /* AppDelegate.swift */ = {isa = PBXFileReference; lastKnownFileType = sourcecode.swift; path = AppDelegate.swift; sourceTree = "<group>"; };
		692B52C7253225B90067AAE7 /* SceneDelegate.swift */ = {isa = PBXFileReference; lastKnownFileType = sourcecode.swift; path = SceneDelegate.swift; sourceTree = "<group>"; };
		692B52C9253225B90067AAE7 /* EmptyWeightTermViewController.swift */ = {isa = PBXFileReference; lastKnownFileType = sourcecode.swift; path = EmptyWeightTermViewController.swift; sourceTree = "<group>"; };
		692B52CC253225B90067AAE7 /* Base */ = {isa = PBXFileReference; lastKnownFileType = file.storyboard; name = Base; path = Base.lproj/Main.storyboard; sourceTree = "<group>"; };
		692B52CE253225BD0067AAE7 /* Assets.xcassets */ = {isa = PBXFileReference; lastKnownFileType = folder.assetcatalog; path = Assets.xcassets; sourceTree = "<group>"; };
		692B52D1253225BD0067AAE7 /* Base */ = {isa = PBXFileReference; lastKnownFileType = file.storyboard; name = Base; path = Base.lproj/LaunchScreen.storyboard; sourceTree = "<group>"; };
		692B52D3253225BD0067AAE7 /* Info.plist */ = {isa = PBXFileReference; lastKnownFileType = text.plist.xml; path = Info.plist; sourceTree = "<group>"; };
		692B52DF25324DD10067AAE7 /* WeightTerm.swift */ = {isa = PBXFileReference; lastKnownFileType = sourcecode.swift; path = WeightTerm.swift; sourceTree = "<group>"; };
		692B52E2253251E90067AAE7 /* TabBarController.swift */ = {isa = PBXFileReference; lastKnownFileType = sourcecode.swift; path = TabBarController.swift; sourceTree = "<group>"; };
		692B52E625354F2F0067AAE7 /* AddWeightTermViewController.swift */ = {isa = PBXFileReference; lastKnownFileType = sourcecode.swift; path = AddWeightTermViewController.swift; sourceTree = "<group>"; };
		692B530F253A7B940067AAE7 /* WeightTermTracker.swift */ = {isa = PBXFileReference; lastKnownFileType = sourcecode.swift; path = WeightTermTracker.swift; sourceTree = "<group>"; };
		692B5315253B5DEB0067AAE7 /* WeightTermViewController.swift */ = {isa = PBXFileReference; lastKnownFileType = sourcecode.swift; path = WeightTermViewController.swift; sourceTree = "<group>"; };
		692B531C253D017A0067AAE7 /* WeightTermHistoryViewController.swift */ = {isa = PBXFileReference; lastKnownFileType = sourcecode.swift; path = WeightTermHistoryViewController.swift; sourceTree = "<group>"; };
		692B531F253D098A0067AAE7 /* WeightTermCell.swift */ = {isa = PBXFileReference; lastKnownFileType = sourcecode.swift; path = WeightTermCell.swift; sourceTree = "<group>"; };
		692B5323253D24910067AAE7 /* AddCurrentWeightViewController.swift */ = {isa = PBXFileReference; lastKnownFileType = sourcecode.swift; path = AddCurrentWeightViewController.swift; sourceTree = "<group>"; };
		692B534A254495650067AAE7 /* Photo.swift */ = {isa = PBXFileReference; lastKnownFileType = sourcecode.swift; path = Photo.swift; sourceTree = "<group>"; };
		692B5357254497E20067AAE7 /* PhotosTableViewController.swift */ = {isa = PBXFileReference; lastKnownFileType = sourcecode.swift; path = PhotosTableViewController.swift; sourceTree = "<group>"; };
		692B535A254499090067AAE7 /* PhotoTableViewCell.swift */ = {isa = PBXFileReference; lastKnownFileType = sourcecode.swift; path = PhotoTableViewCell.swift; sourceTree = "<group>"; };
/* End PBXFileReference section */

/* Begin PBXFrameworksBuildPhase section */
		692B52BF253225B90067AAE7 /* Frameworks */ = {
			isa = PBXFrameworksBuildPhase;
			buildActionMask = 2147483647;
			files = (
			);
			runOnlyForDeploymentPostprocessing = 0;
		};
/* End PBXFrameworksBuildPhase section */

/* Begin PBXGroup section */
		692B52B9253225B90067AAE7 = {
			isa = PBXGroup;
			children = (
				692B52C4253225B90067AAE7 /* Weight Locker */,
				692B52C3253225B90067AAE7 /* Products */,
			);
			sourceTree = "<group>";
		};
		692B52C3253225B90067AAE7 /* Products */ = {
			isa = PBXGroup;
			children = (
				692B52C2253225B90067AAE7 /* Weight Locker.app */,
			);
			name = Products;
			sourceTree = "<group>";
		};
		692B52C4253225B90067AAE7 /* Weight Locker */ = {
			isa = PBXGroup;
			children = (
				692B53522544968B0067AAE7 /* Delegates */,
				692B5350254496270067AAE7 /* TableViewCells */,
				692B534F2544961C0067AAE7 /* TabBarControllers */,
				692B534E254496100067AAE7 /* ViewControllers */,
				692B534D254496060067AAE7 /* Classes */,
				692B52CB253225B90067AAE7 /* Main.storyboard */,
				692B52CE253225BD0067AAE7 /* Assets.xcassets */,
				692B52D0253225BD0067AAE7 /* LaunchScreen.storyboard */,
				692B52D3253225BD0067AAE7 /* Info.plist */,
			);
			path = "Weight Locker";
			sourceTree = "<group>";
		};
		692B534D254496060067AAE7 /* Classes */ = {
			isa = PBXGroup;
			children = (
				692B52DF25324DD10067AAE7 /* WeightTerm.swift */,
				692B530F253A7B940067AAE7 /* WeightTermTracker.swift */,
				692B534A254495650067AAE7 /* Photo.swift */,
			);
			path = Classes;
			sourceTree = "<group>";
		};
		692B534E254496100067AAE7 /* ViewControllers */ = {
			isa = PBXGroup;
			children = (
				692B5354254496C90067AAE7 /* WeightTerms */,
				692B5355254496ED0067AAE7 /* Photos */,
			);
			path = ViewControllers;
			sourceTree = "<group>";
		};
		692B534F2544961C0067AAE7 /* TabBarControllers */ = {
			isa = PBXGroup;
			children = (
				692B52E2253251E90067AAE7 /* TabBarController.swift */,
			);
			path = TabBarControllers;
			sourceTree = "<group>";
		};
		692B5350254496270067AAE7 /* TableViewCells */ = {
			isa = PBXGroup;
			children = (
				692B531F253D098A0067AAE7 /* WeightTermCell.swift */,
				692B535A254499090067AAE7 /* PhotoTableViewCell.swift */,
			);
			path = TableViewCells;
			sourceTree = "<group>";
		};
		692B53522544968B0067AAE7 /* Delegates */ = {
			isa = PBXGroup;
			children = (
				692B52C5253225B90067AAE7 /* AppDelegate.swift */,
				692B52C7253225B90067AAE7 /* SceneDelegate.swift */,
			);
			path = Delegates;
			sourceTree = "<group>";
		};
		692B5354254496C90067AAE7 /* WeightTerms */ = {
			isa = PBXGroup;
			children = (
				692B52C9253225B90067AAE7 /* EmptyWeightTermViewController.swift */,
				692B5315253B5DEB0067AAE7 /* WeightTermViewController.swift */,
				692B52E625354F2F0067AAE7 /* AddWeightTermViewController.swift */,
				692B531C253D017A0067AAE7 /* WeightTermHistoryViewController.swift */,
				692B5323253D24910067AAE7 /* AddCurrentWeightViewController.swift */,
			);
			path = WeightTerms;
			sourceTree = "<group>";
		};
		692B5355254496ED0067AAE7 /* Photos */ = {
			isa = PBXGroup;
			children = (
				692B5357254497E20067AAE7 /* PhotosTableViewController.swift */,
			);
			path = Photos;
			sourceTree = "<group>";
		};
/* End PBXGroup section */

/* Begin PBXNativeTarget section */
		692B52C1253225B90067AAE7 /* Weight Locker */ = {
			isa = PBXNativeTarget;
			buildConfigurationList = 692B52D6253225BD0067AAE7 /* Build configuration list for PBXNativeTarget "Weight Locker" */;
			buildPhases = (
				692B52BE253225B90067AAE7 /* Sources */,
				692B52BF253225B90067AAE7 /* Frameworks */,
				692B52C0253225B90067AAE7 /* Resources */,
			);
			buildRules = (
			);
			dependencies = (
			);
			name = "Weight Locker";
			productName = "Weight Locker";
			productReference = 692B52C2253225B90067AAE7 /* Weight Locker.app */;
			productType = "com.apple.product-type.application";
		};
/* End PBXNativeTarget section */

/* Begin PBXProject section */
		692B52BA253225B90067AAE7 /* Project object */ = {
			isa = PBXProject;
			attributes = {
				LastSwiftUpdateCheck = 1200;
				LastUpgradeCheck = 1200;
				TargetAttributes = {
					692B52C1253225B90067AAE7 = {
						CreatedOnToolsVersion = 12.0;
					};
				};
			};
			buildConfigurationList = 692B52BD253225B90067AAE7 /* Build configuration list for PBXProject "Weight Locker" */;
			compatibilityVersion = "Xcode 9.3";
			developmentRegion = en;
			hasScannedForEncodings = 0;
			knownRegions = (
				en,
				Base,
			);
			mainGroup = 692B52B9253225B90067AAE7;
			productRefGroup = 692B52C3253225B90067AAE7 /* Products */;
			projectDirPath = "";
			projectRoot = "";
			targets = (
				692B52C1253225B90067AAE7 /* Weight Locker */,
			);
		};
/* End PBXProject section */

/* Begin PBXResourcesBuildPhase section */
		692B52C0253225B90067AAE7 /* Resources */ = {
			isa = PBXResourcesBuildPhase;
			buildActionMask = 2147483647;
			files = (
				692B52D2253225BD0067AAE7 /* LaunchScreen.storyboard in Resources */,
				692B52CF253225BD0067AAE7 /* Assets.xcassets in Resources */,
				692B52CD253225B90067AAE7 /* Main.storyboard in Resources */,
			);
			runOnlyForDeploymentPostprocessing = 0;
		};
/* End PBXResourcesBuildPhase section */

/* Begin PBXSourcesBuildPhase section */
		692B52BE253225B90067AAE7 /* Sources */ = {
			isa = PBXSourcesBuildPhase;
			buildActionMask = 2147483647;
			files = (
				692B535B254499090067AAE7 /* PhotoTableViewCell.swift in Sources */,
				692B534B254495660067AAE7 /* Photo.swift in Sources */,
				692B5316253B5DEB0067AAE7 /* WeightTermViewController.swift in Sources */,
				692B531D253D017B0067AAE7 /* WeightTermHistoryViewController.swift in Sources */,
				692B5358254497E20067AAE7 /* PhotosTableViewController.swift in Sources */,
				692B5310253A7B940067AAE7 /* WeightTermTracker.swift in Sources */,
				692B52E725354F2F0067AAE7 /* AddWeightTermViewController.swift in Sources */,
				692B52CA253225B90067AAE7 /* EmptyWeightTermViewController.swift in Sources */,
				692B52C6253225B90067AAE7 /* AppDelegate.swift in Sources */,
				692B5324253D24910067AAE7 /* AddCurrentWeightViewController.swift in Sources */,
				692B52C8253225B90067AAE7 /* SceneDelegate.swift in Sources */,
				692B52E3253251E90067AAE7 /* TabBarController.swift in Sources */,
				692B52E025324DD10067AAE7 /* WeightTerm.swift in Sources */,
				692B5320253D098B0067AAE7 /* WeightTermCell.swift in Sources */,
			);
			runOnlyForDeploymentPostprocessing = 0;
		};
/* End PBXSourcesBuildPhase section */

/* Begin PBXVariantGroup section */
		692B52CB253225B90067AAE7 /* Main.storyboard */ = {
			isa = PBXVariantGroup;
			children = (
				692B52CC253225B90067AAE7 /* Base */,
			);
			name = Main.storyboard;
			sourceTree = "<group>";
		};
		692B52D0253225BD0067AAE7 /* LaunchScreen.storyboard */ = {
			isa = PBXVariantGroup;
			children = (
				692B52D1253225BD0067AAE7 /* Base */,
			);
			name = LaunchScreen.storyboard;
			sourceTree = "<group>";
		};
/* End PBXVariantGroup section */

/* Begin XCBuildConfiguration section */
		692B52D4253225BD0067AAE7 /* Debug */ = {
			isa = XCBuildConfiguration;
			buildSettings = {
				ALWAYS_SEARCH_USER_PATHS = NO;
				CLANG_ANALYZER_NONNULL = YES;
				CLANG_ANALYZER_NUMBER_OBJECT_CONVERSION = YES_AGGRESSIVE;
				CLANG_CXX_LANGUAGE_STANDARD = "gnu++14";
				CLANG_CXX_LIBRARY = "libc++";
				CLANG_ENABLE_MODULES = YES;
				CLANG_ENABLE_OBJC_ARC = YES;
				CLANG_ENABLE_OBJC_WEAK = YES;
				CLANG_WARN_BLOCK_CAPTURE_AUTORELEASING = YES;
				CLANG_WARN_BOOL_CONVERSION = YES;
				CLANG_WARN_COMMA = YES;
				CLANG_WARN_CONSTANT_CONVERSION = YES;
				CLANG_WARN_DEPRECATED_OBJC_IMPLEMENTATIONS = YES;
				CLANG_WARN_DIRECT_OBJC_ISA_USAGE = YES_ERROR;
				CLANG_WARN_DOCUMENTATION_COMMENTS = YES;
				CLANG_WARN_EMPTY_BODY = YES;
				CLANG_WARN_ENUM_CONVERSION = YES;
				CLANG_WARN_INFINITE_RECURSION = YES;
				CLANG_WARN_INT_CONVERSION = YES;
				CLANG_WARN_NON_LITERAL_NULL_CONVERSION = YES;
				CLANG_WARN_OBJC_IMPLICIT_RETAIN_SELF = YES;
				CLANG_WARN_OBJC_LITERAL_CONVERSION = YES;
				CLANG_WARN_OBJC_ROOT_CLASS = YES_ERROR;
				CLANG_WARN_QUOTED_INCLUDE_IN_FRAMEWORK_HEADER = YES;
				CLANG_WARN_RANGE_LOOP_ANALYSIS = YES;
				CLANG_WARN_STRICT_PROTOTYPES = YES;
				CLANG_WARN_SUSPICIOUS_MOVE = YES;
				CLANG_WARN_UNGUARDED_AVAILABILITY = YES_AGGRESSIVE;
				CLANG_WARN_UNREACHABLE_CODE = YES;
				CLANG_WARN__DUPLICATE_METHOD_MATCH = YES;
				COPY_PHASE_STRIP = NO;
				DEBUG_INFORMATION_FORMAT = dwarf;
				ENABLE_STRICT_OBJC_MSGSEND = YES;
				ENABLE_TESTABILITY = YES;
				GCC_C_LANGUAGE_STANDARD = gnu11;
				GCC_DYNAMIC_NO_PIC = NO;
				GCC_NO_COMMON_BLOCKS = YES;
				GCC_OPTIMIZATION_LEVEL = 0;
				GCC_PREPROCESSOR_DEFINITIONS = (
					"DEBUG=1",
					"$(inherited)",
				);
				GCC_WARN_64_TO_32_BIT_CONVERSION = YES;
				GCC_WARN_ABOUT_RETURN_TYPE = YES_ERROR;
				GCC_WARN_UNDECLARED_SELECTOR = YES;
				GCC_WARN_UNINITIALIZED_AUTOS = YES_AGGRESSIVE;
				GCC_WARN_UNUSED_FUNCTION = YES;
				GCC_WARN_UNUSED_VARIABLE = YES;
				IPHONEOS_DEPLOYMENT_TARGET = 14.0;
				MTL_ENABLE_DEBUG_INFO = INCLUDE_SOURCE;
				MTL_FAST_MATH = YES;
				ONLY_ACTIVE_ARCH = YES;
				SDKROOT = iphoneos;
				SWIFT_ACTIVE_COMPILATION_CONDITIONS = DEBUG;
				SWIFT_OPTIMIZATION_LEVEL = "-Onone";
			};
			name = Debug;
		};
		692B52D5253225BD0067AAE7 /* Release */ = {
			isa = XCBuildConfiguration;
			buildSettings = {
				ALWAYS_SEARCH_USER_PATHS = NO;
				CLANG_ANALYZER_NONNULL = YES;
				CLANG_ANALYZER_NUMBER_OBJECT_CONVERSION = YES_AGGRESSIVE;
				CLANG_CXX_LANGUAGE_STANDARD = "gnu++14";
				CLANG_CXX_LIBRARY = "libc++";
				CLANG_ENABLE_MODULES = YES;
				CLANG_ENABLE_OBJC_ARC = YES;
				CLANG_ENABLE_OBJC_WEAK = YES;
				CLANG_WARN_BLOCK_CAPTURE_AUTORELEASING = YES;
				CLANG_WARN_BOOL_CONVERSION = YES;
				CLANG_WARN_COMMA = YES;
				CLANG_WARN_CONSTANT_CONVERSION = YES;
				CLANG_WARN_DEPRECATED_OBJC_IMPLEMENTATIONS = YES;
				CLANG_WARN_DIRECT_OBJC_ISA_USAGE = YES_ERROR;
				CLANG_WARN_DOCUMENTATION_COMMENTS = YES;
				CLANG_WARN_EMPTY_BODY = YES;
				CLANG_WARN_ENUM_CONVERSION = YES;
				CLANG_WARN_INFINITE_RECURSION = YES;
				CLANG_WARN_INT_CONVERSION = YES;
				CLANG_WARN_NON_LITERAL_NULL_CONVERSION = YES;
				CLANG_WARN_OBJC_IMPLICIT_RETAIN_SELF = YES;
				CLANG_WARN_OBJC_LITERAL_CONVERSION = YES;
				CLANG_WARN_OBJC_ROOT_CLASS = YES_ERROR;
				CLANG_WARN_QUOTED_INCLUDE_IN_FRAMEWORK_HEADER = YES;
				CLANG_WARN_RANGE_LOOP_ANALYSIS = YES;
				CLANG_WARN_STRICT_PROTOTYPES = YES;
				CLANG_WARN_SUSPICIOUS_MOVE = YES;
				CLANG_WARN_UNGUARDED_AVAILABILITY = YES_AGGRESSIVE;
				CLANG_WARN_UNREACHABLE_CODE = YES;
				CLANG_WARN__DUPLICATE_METHOD_MATCH = YES;
				COPY_PHASE_STRIP = NO;
				DEBUG_INFORMATION_FORMAT = "dwarf-with-dsym";
				ENABLE_NS_ASSERTIONS = NO;
				ENABLE_STRICT_OBJC_MSGSEND = YES;
				GCC_C_LANGUAGE_STANDARD = gnu11;
				GCC_NO_COMMON_BLOCKS = YES;
				GCC_WARN_64_TO_32_BIT_CONVERSION = YES;
				GCC_WARN_ABOUT_RETURN_TYPE = YES_ERROR;
				GCC_WARN_UNDECLARED_SELECTOR = YES;
				GCC_WARN_UNINITIALIZED_AUTOS = YES_AGGRESSIVE;
				GCC_WARN_UNUSED_FUNCTION = YES;
				GCC_WARN_UNUSED_VARIABLE = YES;
				IPHONEOS_DEPLOYMENT_TARGET = 14.0;
				MTL_ENABLE_DEBUG_INFO = NO;
				MTL_FAST_MATH = YES;
				SDKROOT = iphoneos;
				SWIFT_COMPILATION_MODE = wholemodule;
				SWIFT_OPTIMIZATION_LEVEL = "-O";
				VALIDATE_PRODUCT = YES;
			};
			name = Release;
		};
		692B52D7253225BD0067AAE7 /* Debug */ = {
			isa = XCBuildConfiguration;
			buildSettings = {
				ASSETCATALOG_COMPILER_APPICON_NAME = AppIcon;
				ASSETCATALOG_COMPILER_GLOBAL_ACCENT_COLOR_NAME = AccentColor;
				CODE_SIGN_STYLE = Automatic;
				INFOPLIST_FILE = "Weight Locker/Info.plist";
				LD_RUNPATH_SEARCH_PATHS = (
					"$(inherited)",
					"@executable_path/Frameworks",
				);
				PRODUCT_BUNDLE_IDENTIFIER = "ca.myscc.w0721766.Weight-Locker";
				PRODUCT_NAME = "$(TARGET_NAME)";
				SWIFT_VERSION = 5.0;
				TARGETED_DEVICE_FAMILY = "1,2";
			};
			name = Debug;
		};
		692B52D8253225BD0067AAE7 /* Release */ = {
			isa = XCBuildConfiguration;
			buildSettings = {
				ASSETCATALOG_COMPILER_APPICON_NAME = AppIcon;
				ASSETCATALOG_COMPILER_GLOBAL_ACCENT_COLOR_NAME = AccentColor;
				CODE_SIGN_STYLE = Automatic;
				INFOPLIST_FILE = "Weight Locker/Info.plist";
				LD_RUNPATH_SEARCH_PATHS = (
					"$(inherited)",
					"@executable_path/Frameworks",
				);
				PRODUCT_BUNDLE_IDENTIFIER = "ca.myscc.w0721766.Weight-Locker";
				PRODUCT_NAME = "$(TARGET_NAME)";
				SWIFT_VERSION = 5.0;
				TARGETED_DEVICE_FAMILY = "1,2";
			};
			name = Release;
		};
/* End XCBuildConfiguration section */

/* Begin XCConfigurationList section */
		692B52BD253225B90067AAE7 /* Build configuration list for PBXProject "Weight Locker" */ = {
			isa = XCConfigurationList;
			buildConfigurations = (
				692B52D4253225BD0067AAE7 /* Debug */,
				692B52D5253225BD0067AAE7 /* Release */,
			);
			defaultConfigurationIsVisible = 0;
			defaultConfigurationName = Release;
		};
		692B52D6253225BD0067AAE7 /* Build configuration list for PBXNativeTarget "Weight Locker" */ = {
			isa = XCConfigurationList;
			buildConfigurations = (
				692B52D7253225BD0067AAE7 /* Debug */,
				692B52D8253225BD0067AAE7 /* Release */,
			);
			defaultConfigurationIsVisible = 0;
			defaultConfigurationName = Release;
		};
/* End XCConfigurationList section */
	};
	rootObject = 692B52BA253225B90067AAE7 /* Project object */;
}
